
Microsoft Visual Studio Solution File, Format Version 12.00
# Visual Studio Version 17
VisualStudioVersion = 17.0.31903.59
MinimumVisualStudioVersion = 10.0.40219.1
Project("{2150E333-8FDC-42A3-9474-1A3956D46DE8}") = "src", "src", "{9B8B2EC0-FFC0-4A11-B20C-9FB013648026}"
EndProject
Project("{FAE04EC0-301F-11D3-BF4B-00C04F79EFBC}") = "Offense_Detector", "src\Offense_Detector.Api\Offense_Detector.csproj", "{D24E2007-AAC1-475D-A50A-CA975A7879C9}"
EndProject
Project("{FAE04EC0-301F-11D3-BF4B-00C04F79EFBC}") = "Offense_Detector.Domain", "src\Offense_Detector.Domain\Offense_Detector.Domain.csproj", "{5A4057E2-9F33-4589-A047-31B9CA1C54F3}"
EndProject
Global
	GlobalSection(SolutionConfigurationPlatforms) = preSolution
		Debug|Any CPU = Debug|Any CPU
		Release|Any CPU = Release|Any CPU
	EndGlobalSection
	GlobalSection(SolutionProperties) = preSolution
		HideSolutionNode = FALSE
	EndGlobalSection
	GlobalSection(ProjectConfigurationPlatforms) = postSolution
		{D24E2007-AAC1-475D-A50A-CA975A7879C9}.Debug|Any CPU.ActiveCfg = Debug|Any CPU
		{D24E2007-AAC1-475D-A50A-CA975A7879C9}.Debug|Any CPU.Build.0 = Debug|Any CPU
		{D24E2007-AAC1-475D-A50A-CA975A7879C9}.Release|Any CPU.ActiveCfg = Release|Any CPU
		{D24E2007-AAC1-475D-A50A-CA975A7879C9}.Release|Any CPU.Build.0 = Release|Any CPU
		{5A4057E2-9F33-4589-A047-31B9CA1C54F3}.Debug|Any CPU.ActiveCfg = Debug|Any CPU
		{5A4057E2-9F33-4589-A047-31B9CA1C54F3}.Debug|Any CPU.Build.0 = Debug|Any CPU
		{5A4057E2-9F33-4589-A047-31B9CA1C54F3}.Release|Any CPU.ActiveCfg = Release|Any CPU
		{5A4057E2-9F33-4589-A047-31B9CA1C54F3}.Release|Any CPU.Build.0 = Release|Any CPU
		{088E13AE-2F14-45C8-BCEA-C958E9C3253E}.Debug|Any CPU.ActiveCfg = Debug|Any CPU
		{088E13AE-2F14-45C8-BCEA-C958E9C3253E}.Debug|Any CPU.Build.0 = Debug|Any CPU
		{088E13AE-2F14-45C8-BCEA-C958E9C3253E}.Release|Any CPU.ActiveCfg = Release|Any CPU
		{088E13AE-2F14-45C8-BCEA-C958E9C3253E}.Release|Any CPU.Build.0 = Release|Any CPU
	EndGlobalSection
	GlobalSection(NestedProjects) = preSolution
		{D24E2007-AAC1-475D-A50A-CA975A7879C9} = {9B8B2EC0-FFC0-4A11-B20C-9FB013648026}
		{5A4057E2-9F33-4589-A047-31B9CA1C54F3} = {9B8B2EC0-FFC0-4A11-B20C-9FB013648026}
		{088E13AE-2F14-45C8-BCEA-C958E9C3253E} = {9B8B2EC0-FFC0-4A11-B20C-9FB013648026}
	EndGlobalSection
EndGlobal
