
Microsoft Visual Studio Solution File, Format Version 12.00
# Visual Studio Version 17
VisualStudioVersion = 17.5.002.0
MinimumVisualStudioVersion = 10.0.40219.1
Project("{9A19103F-16F7-4668-BE54-9A1E7A4F7556}") = "Offense_Detector", "Offense_Detector.csproj", "{4DF087B9-E426-4BD0-B583-F643AF329294}"
EndProject
Global
	GlobalSection(SolutionConfigurationPlatforms) = preSolution
		Debug|Any CPU = Debug|Any CPU
		Release|Any CPU = Release|Any CPU
	EndGlobalSection
	GlobalSection(ProjectConfigurationPlatforms) = postSolution
		{4DF087B9-E426-4BD0-B583-F643AF329294}.Debug|Any CPU.ActiveCfg = Debug|Any CPU
		{4DF087B9-E426-4BD0-B583-F643AF329294}.Debug|Any CPU.Build.0 = Debug|Any CPU
		{4DF087B9-E426-4BD0-B583-F643AF329294}.Release|Any CPU.ActiveCfg = Release|Any CPU
		{4DF087B9-E426-4BD0-B583-F643AF329294}.Release|Any CPU.Build.0 = Release|Any CPU
	EndGlobalSection
	GlobalSection(SolutionProperties) = preSolution
		HideSolutionNode = FALSE
	EndGlobalSection
	GlobalSection(ExtensibilityGlobals) = postSolution
		SolutionGuid = {F6ABDDDC-55CA-4615-80CE-A2ECDD04114E}
	EndGlobalSection
EndGlobal
